
Microsoft Visual Studio Solution File, Format Version 12.00
# Visual Studio Version 16
VisualStudioVersion = 16.0.33214.272
MinimumVisualStudioVersion = 10.0.40219.1
Project("{2150E333-8FDC-42A3-9474-1A3956D46DE8}") = "src", "src", "{B030DCB5-D75B-4FC6-AE11-3DA8ED76391A}"
EndProject
Project("{2150E333-8FDC-42A3-9474-1A3956D46DE8}") = "tests", "tests", "{2FEBA7C8-05F2-48A2-9AA8-538EC2EDF838}"
EndProject
Project("{2150E333-8FDC-42A3-9474-1A3956D46DE8}") = "API", "API", "{D33E3219-C4C2-490B-A8B4-E6AFD6163D74}"
EndProject
Project("{2150E333-8FDC-42A3-9474-1A3956D46DE8}") = "Core", "Core", "{03E745F5-E1D6-45C8-9E26-719568F1EFBE}"
EndProject
Project("{2150E333-8FDC-42A3-9474-1A3956D46DE8}") = "Infrastructure", "Infrastructure", "{6FD34C63-A221-4627-9AFF-56485B0A60D5}"
EndProject
Project("{2150E333-8FDC-42A3-9474-1A3956D46DE8}") = "UI", "UI", "{27AB1DF8-17EB-4B7C-ABCE-57DA99A3D924}"
EndProject
Project("{9A19103F-16F7-4668-BE54-9A1E7A4F7556}") = "BufaTicket.TicketManagement.Domain", "src\BufaTicket.TicketManagement.Domain\BufaTicket.TicketManagement.Domain.csproj", "{79AE6601-1411-4D68-8BF6-45E7B8D17A54}"
EndProject
Project("{9A19103F-16F7-4668-BE54-9A1E7A4F7556}") = "BufaTicket.TicketManagement.Application", "src\BufaTicket.TicketManagement.Application\BufaTicket.TicketManagement.Application.csproj", "{16F9A84E-415E-4AF8-B18E-71DF739C7618}"
EndProject
Project("{9A19103F-16F7-4668-BE54-9A1E7A4F7556}") = "BufaTicket.TicketManagement.Persistence", "src\BufaTicket.TicketManagement.Persistence\BufaTicket.TicketManagement.Persistence.csproj", "{C6BD388A-D7E5-40B5-A6EB-816E94707E57}"
EndProject
Project("{9A19103F-16F7-4668-BE54-9A1E7A4F7556}") = "BufaTicket.TicketManagement.Infrastructure", "src\BufaTicket.TicketManagement.Infrastructure\BufaTicket.TicketManagement.Infrastructure.csproj", "{7C2FB411-691B-444C-89BA-C414EEE06942}"
EndProject
Project("{FAE04EC0-301F-11D3-BF4B-00C04F79EFBC}") = "BufaTicket.TicketManagement.Api", "src\BufaTicket.TicketManagement.Api\BufaTicket.TicketManagement.Api.csproj", "{F1409658-036A-4FAA-BC41-2EF4CC87A39C}"
EndProject
Project("{FAE04EC0-301F-11D3-BF4B-00C04F79EFBC}") = "BufaTicket.TicketManagement.Application.UnitTests", "tests\BufaTicket.TicketManagement.Application.UnitTests\BufaTicket.TicketManagement.Application.UnitTests.csproj", "{F867ECDF-A3EC-4832-BE67-F057CD6A7D6A}"
EndProject
Project("{FAE04EC0-301F-11D3-BF4B-00C04F79EFBC}") = "BufaTicket.TicketManagement.Persistence.IntegrationTests", "tests\BufaTicket.TicketManagement.Persistence.IntegrationTests\BufaTicket.TicketManagement.Persistence.IntegrationTests.csproj", "{96995787-7265-4BE9-8E80-0DE8A9C5CD7D}"
EndProject
Project("{FAE04EC0-301F-11D3-BF4B-00C04F79EFBC}") = "BufaTicket.TicketManagement.API.IntegrationTests", "tests\BufaTicket.TicketManagement.API.IntegrationTests\BufaTicket.TicketManagement.API.IntegrationTests.csproj", "{D9B5FE70-73EA-42D1-A54E-C4B617D019A7}"
EndProject
Global
	GlobalSection(SolutionConfigurationPlatforms) = preSolution
		Debug|Any CPU = Debug|Any CPU
		Release|Any CPU = Release|Any CPU
	EndGlobalSection
	GlobalSection(ProjectConfigurationPlatforms) = postSolution
		{79AE6601-1411-4D68-8BF6-45E7B8D17A54}.Debug|Any CPU.ActiveCfg = Debug|Any CPU
		{79AE6601-1411-4D68-8BF6-45E7B8D17A54}.Debug|Any CPU.Build.0 = Debug|Any CPU
		{79AE6601-1411-4D68-8BF6-45E7B8D17A54}.Release|Any CPU.ActiveCfg = Release|Any CPU
		{79AE6601-1411-4D68-8BF6-45E7B8D17A54}.Release|Any CPU.Build.0 = Release|Any CPU
		{16F9A84E-415E-4AF8-B18E-71DF739C7618}.Debug|Any CPU.ActiveCfg = Debug|Any CPU
		{16F9A84E-415E-4AF8-B18E-71DF739C7618}.Debug|Any CPU.Build.0 = Debug|Any CPU
		{16F9A84E-415E-4AF8-B18E-71DF739C7618}.Release|Any CPU.ActiveCfg = Release|Any CPU
		{16F9A84E-415E-4AF8-B18E-71DF739C7618}.Release|Any CPU.Build.0 = Release|Any CPU
		{C6BD388A-D7E5-40B5-A6EB-816E94707E57}.Debug|Any CPU.ActiveCfg = Debug|Any CPU
		{C6BD388A-D7E5-40B5-A6EB-816E94707E57}.Debug|Any CPU.Build.0 = Debug|Any CPU
		{C6BD388A-D7E5-40B5-A6EB-816E94707E57}.Release|Any CPU.ActiveCfg = Release|Any CPU
		{C6BD388A-D7E5-40B5-A6EB-816E94707E57}.Release|Any CPU.Build.0 = Release|Any CPU
		{7C2FB411-691B-444C-89BA-C414EEE06942}.Debug|Any CPU.ActiveCfg = Debug|Any CPU
		{7C2FB411-691B-444C-89BA-C414EEE06942}.Debug|Any CPU.Build.0 = Debug|Any CPU
		{7C2FB411-691B-444C-89BA-C414EEE06942}.Release|Any CPU.ActiveCfg = Release|Any CPU
		{7C2FB411-691B-444C-89BA-C414EEE06942}.Release|Any CPU.Build.0 = Release|Any CPU
		{F1409658-036A-4FAA-BC41-2EF4CC87A39C}.Debug|Any CPU.ActiveCfg = Debug|Any CPU
		{F1409658-036A-4FAA-BC41-2EF4CC87A39C}.Debug|Any CPU.Build.0 = Debug|Any CPU
		{F1409658-036A-4FAA-BC41-2EF4CC87A39C}.Release|Any CPU.ActiveCfg = Release|Any CPU
		{F1409658-036A-4FAA-BC41-2EF4CC87A39C}.Release|Any CPU.Build.0 = Release|Any CPU
		{F867ECDF-A3EC-4832-BE67-F057CD6A7D6A}.Debug|Any CPU.ActiveCfg = Debug|Any CPU
		{F867ECDF-A3EC-4832-BE67-F057CD6A7D6A}.Debug|Any CPU.Build.0 = Debug|Any CPU
		{F867ECDF-A3EC-4832-BE67-F057CD6A7D6A}.Release|Any CPU.ActiveCfg = Release|Any CPU
		{F867ECDF-A3EC-4832-BE67-F057CD6A7D6A}.Release|Any CPU.Build.0 = Release|Any CPU
		{96995787-7265-4BE9-8E80-0DE8A9C5CD7D}.Debug|Any CPU.ActiveCfg = Debug|Any CPU
		{96995787-7265-4BE9-8E80-0DE8A9C5CD7D}.Debug|Any CPU.Build.0 = Debug|Any CPU
		{96995787-7265-4BE9-8E80-0DE8A9C5CD7D}.Release|Any CPU.ActiveCfg = Release|Any CPU
		{96995787-7265-4BE9-8E80-0DE8A9C5CD7D}.Release|Any CPU.Build.0 = Release|Any CPU
		{D9B5FE70-73EA-42D1-A54E-C4B617D019A7}.Debug|Any CPU.ActiveCfg = Debug|Any CPU
		{D9B5FE70-73EA-42D1-A54E-C4B617D019A7}.Debug|Any CPU.Build.0 = Debug|Any CPU
		{D9B5FE70-73EA-42D1-A54E-C4B617D019A7}.Release|Any CPU.ActiveCfg = Release|Any CPU
		{D9B5FE70-73EA-42D1-A54E-C4B617D019A7}.Release|Any CPU.Build.0 = Release|Any CPU
	EndGlobalSection
	GlobalSection(SolutionProperties) = preSolution
		HideSolutionNode = FALSE
	EndGlobalSection
	GlobalSection(NestedProjects) = preSolution
		{D33E3219-C4C2-490B-A8B4-E6AFD6163D74} = {B030DCB5-D75B-4FC6-AE11-3DA8ED76391A}
		{03E745F5-E1D6-45C8-9E26-719568F1EFBE} = {B030DCB5-D75B-4FC6-AE11-3DA8ED76391A}
		{6FD34C63-A221-4627-9AFF-56485B0A60D5} = {B030DCB5-D75B-4FC6-AE11-3DA8ED76391A}
		{27AB1DF8-17EB-4B7C-ABCE-57DA99A3D924} = {B030DCB5-D75B-4FC6-AE11-3DA8ED76391A}
		{79AE6601-1411-4D68-8BF6-45E7B8D17A54} = {03E745F5-E1D6-45C8-9E26-719568F1EFBE}
		{16F9A84E-415E-4AF8-B18E-71DF739C7618} = {03E745F5-E1D6-45C8-9E26-719568F1EFBE}
		{C6BD388A-D7E5-40B5-A6EB-816E94707E57} = {6FD34C63-A221-4627-9AFF-56485B0A60D5}
		{7C2FB411-691B-444C-89BA-C414EEE06942} = {6FD34C63-A221-4627-9AFF-56485B0A60D5}
		{F1409658-036A-4FAA-BC41-2EF4CC87A39C} = {D33E3219-C4C2-490B-A8B4-E6AFD6163D74}
		{F867ECDF-A3EC-4832-BE67-F057CD6A7D6A} = {2FEBA7C8-05F2-48A2-9AA8-538EC2EDF838}
		{96995787-7265-4BE9-8E80-0DE8A9C5CD7D} = {2FEBA7C8-05F2-48A2-9AA8-538EC2EDF838}
		{D9B5FE70-73EA-42D1-A54E-C4B617D019A7} = {2FEBA7C8-05F2-48A2-9AA8-538EC2EDF838}
	EndGlobalSection
	GlobalSection(ExtensibilityGlobals) = postSolution
		SolutionGuid = {FBADE314-7914-4355-984F-58D15435DDC0}
	EndGlobalSection
EndGlobal
